
Microsoft Visual Studio Solution File, Format Version 12.00
# Visual Studio Version 17
VisualStudioVersion = 17.8.34330.188
MinimumVisualStudioVersion = 10.0.40219.1
Project("{9A19103F-16F7-4668-BE54-9A1E7A4F7556}") = "Client", "Client\Client.csproj", "{525B891B-58E6-47BA-89AB-83BC3A660543}"
EndProject
Project("{2150E333-8FDC-42A3-9474-1A3956D46DE8}") = "Элементы решения", "Элементы решения", "{CFB0F037-03C9-4F17-A56A-D16A6E35A544}"
	ProjectSection(SolutionItems) = preProject
		.gitignore = .gitignore
	EndProjectSection
EndProject
Project("{9A19103F-16F7-4668-BE54-9A1E7A4F7556}") = "Models", "Models\Models.csproj", "{F1CE1125-C3A4-4BCE-9901-4B5F2759D4EE}"
EndProject
Project("{9A19103F-16F7-4668-BE54-9A1E7A4F7556}") = "DbLayer", "DbLayer\DbLayer.csproj", "{13496630-3266-47C5-8BF2-97A7566D4330}"
EndProject
Project("{9A19103F-16F7-4668-BE54-9A1E7A4F7556}") = "Server_1", "Server_1\Server_1.csproj", "{A0BB0748-19B5-4F58-81A2-4C21DC8AB92D}"
EndProject
Global
	GlobalSection(SolutionConfigurationPlatforms) = preSolution
		Debug|Any CPU = Debug|Any CPU
		Release|Any CPU = Release|Any CPU
	EndGlobalSection
	GlobalSection(ProjectConfigurationPlatforms) = postSolution
		{525B891B-58E6-47BA-89AB-83BC3A660543}.Debug|Any CPU.ActiveCfg = Debug|Any CPU
		{525B891B-58E6-47BA-89AB-83BC3A660543}.Debug|Any CPU.Build.0 = Debug|Any CPU
		{525B891B-58E6-47BA-89AB-83BC3A660543}.Release|Any CPU.ActiveCfg = Release|Any CPU
		{525B891B-58E6-47BA-89AB-83BC3A660543}.Release|Any CPU.Build.0 = Release|Any CPU
		{F1CE1125-C3A4-4BCE-9901-4B5F2759D4EE}.Debug|Any CPU.ActiveCfg = Debug|Any CPU
		{F1CE1125-C3A4-4BCE-9901-4B5F2759D4EE}.Debug|Any CPU.Build.0 = Debug|Any CPU
		{F1CE1125-C3A4-4BCE-9901-4B5F2759D4EE}.Release|Any CPU.ActiveCfg = Release|Any CPU
		{F1CE1125-C3A4-4BCE-9901-4B5F2759D4EE}.Release|Any CPU.Build.0 = Release|Any CPU
		{13496630-3266-47C5-8BF2-97A7566D4330}.Debug|Any CPU.ActiveCfg = Debug|Any CPU
		{13496630-3266-47C5-8BF2-97A7566D4330}.Debug|Any CPU.Build.0 = Debug|Any CPU
		{13496630-3266-47C5-8BF2-97A7566D4330}.Release|Any CPU.ActiveCfg = Release|Any CPU
		{13496630-3266-47C5-8BF2-97A7566D4330}.Release|Any CPU.Build.0 = Release|Any CPU
		{A0BB0748-19B5-4F58-81A2-4C21DC8AB92D}.Debug|Any CPU.ActiveCfg = Debug|Any CPU
		{A0BB0748-19B5-4F58-81A2-4C21DC8AB92D}.Debug|Any CPU.Build.0 = Debug|Any CPU
		{A0BB0748-19B5-4F58-81A2-4C21DC8AB92D}.Release|Any CPU.ActiveCfg = Release|Any CPU
		{A0BB0748-19B5-4F58-81A2-4C21DC8AB92D}.Release|Any CPU.Build.0 = Release|Any CPU
	EndGlobalSection
	GlobalSection(SolutionProperties) = preSolution
		HideSolutionNode = FALSE
	EndGlobalSection
	GlobalSection(ExtensibilityGlobals) = postSolution
		SolutionGuid = {480174F6-0ACB-43CE-81BA-6D47B59C152B}
	EndGlobalSection
EndGlobal
